// !$*UTF8*$!
{
	archiveVersion = 1;
	classes = {
	};
	objectVersion = 50;
	objects = {

/* Begin PBXBuildFile section */
		1458E44121EA2A6F005AE25F /* CustomLessonsCell.swift in Sources */ = {isa = PBXBuildFile; fileRef = 1458E44021EA2A6F005AE25F /* CustomLessonsCell.swift */; };
		1458E44421EA47AE005AE25F /* ThemeProtocol.swift in Sources */ = {isa = PBXBuildFile; fileRef = 1458E44321EA47AE005AE25F /* ThemeProtocol.swift */; };
		1458E44621EA4885005AE25F /* DarkTheme.swift in Sources */ = {isa = PBXBuildFile; fileRef = 1458E44521EA4885005AE25F /* DarkTheme.swift */; };
		1458E44821EA4893005AE25F /* LightTheme.swift in Sources */ = {isa = PBXBuildFile; fileRef = 1458E44721EA4893005AE25F /* LightTheme.swift */; };
		1458E44A21EA4A23005AE25F /* Theme.swift in Sources */ = {isa = PBXBuildFile; fileRef = 1458E44921EA4A23005AE25F /* Theme.swift */; };
		146F8E1E21DF9264002215CB /* AboutViewViewController.swift in Sources */ = {isa = PBXBuildFile; fileRef = 146F8E1D21DF9264002215CB /* AboutViewViewController.swift */; };
		146F8E2021DF9B76002215CB /* SettingsViewController.swift in Sources */ = {isa = PBXBuildFile; fileRef = 146F8E1F21DF9B76002215CB /* SettingsViewController.swift */; };
		147AE56A21EFF35F0075DEC9 /* CollectionOfLessons.swift in Sources */ = {isa = PBXBuildFile; fileRef = 147AE56921EFF35F0075DEC9 /* CollectionOfLessons.swift */; };
		147AE56C21EFF3690075DEC9 /* LessonsData.swift in Sources */ = {isa = PBXBuildFile; fileRef = 147AE56B21EFF3690075DEC9 /* LessonsData.swift */; };
		147AE56E21EFF3720075DEC9 /* SubLessonsData.swift in Sources */ = {isa = PBXBuildFile; fileRef = 147AE56D21EFF3720075DEC9 /* SubLessonsData.swift */; };
		147ED44A21F3ED9E00A87CB4 /* Assets.xcassets in Resources */ = {isa = PBXBuildFile; fileRef = 147ED44921F3ED9E00A87CB4 /* Assets.xcassets */; };
		149B3F7921BE7DCA00539BC3 /* AppDelegate.swift in Sources */ = {isa = PBXBuildFile; fileRef = 149B3F7821BE7DCA00539BC3 /* AppDelegate.swift */; };
		149B3F7E21BE7DCA00539BC3 /* Main.storyboard in Resources */ = {isa = PBXBuildFile; fileRef = 149B3F7C21BE7DCA00539BC3 /* Main.storyboard */; };
		149B3F8321BE7DCC00539BC3 /* LaunchScreen.storyboard in Resources */ = {isa = PBXBuildFile; fileRef = 149B3F8121BE7DCC00539BC3 /* LaunchScreen.storyboard */; };
		149B3F8E21BE7F2700539BC3 /* LessonsTableViewController.swift in Sources */ = {isa = PBXBuildFile; fileRef = 149B3F8D21BE7F2700539BC3 /* LessonsTableViewController.swift */; };
		149B3F9021BE7F8000539BC3 /* SubLessonsTableViewController.swift in Sources */ = {isa = PBXBuildFile; fileRef = 149B3F8F21BE7F8000539BC3 /* SubLessonsTableViewController.swift */; };
		149B3F9221BE7FC500539BC3 /* LessonViewController.swift in Sources */ = {isa = PBXBuildFile; fileRef = 149B3F9121BE7FC500539BC3 /* LessonViewController.swift */; };
		14DC500B21E90C5B006EDC00 /* CustomSubLessonsCell.swift in Sources */ = {isa = PBXBuildFile; fileRef = 14DC500A21E90C5B006EDC00 /* CustomSubLessonsCell.swift */; };
		14EAE08521F0B39E0008B3EF /* LessonBViewController.swift in Sources */ = {isa = PBXBuildFile; fileRef = 14EAE08421F0B39E0008B3EF /* LessonBViewController.swift */; };
		14EDED8D21F7C1A5005F5FFA /* default.realm in Resources */ = {isa = PBXBuildFile; fileRef = 14EDED8C21F7C1A5005F5FFA /* default.realm */; };
		515C6557D7745EBD1C032B16 /* Pods_Meet_Swift.framework in Frameworks */ = {isa = PBXBuildFile; fileRef = B572BF09DFF4C3EE4290E578 /* Pods_Meet_Swift.framework */; };
/* End PBXBuildFile section */

/* Begin PBXFileReference section */
		1458E44021EA2A6F005AE25F /* CustomLessonsCell.swift */ = {isa = PBXFileReference; lastKnownFileType = sourcecode.swift; path = CustomLessonsCell.swift; sourceTree = "<group>"; };
		1458E44321EA47AE005AE25F /* ThemeProtocol.swift */ = {isa = PBXFileReference; lastKnownFileType = sourcecode.swift; path = ThemeProtocol.swift; sourceTree = "<group>"; };
		1458E44521EA4885005AE25F /* DarkTheme.swift */ = {isa = PBXFileReference; lastKnownFileType = sourcecode.swift; path = DarkTheme.swift; sourceTree = "<group>"; };
		1458E44721EA4893005AE25F /* LightTheme.swift */ = {isa = PBXFileReference; lastKnownFileType = sourcecode.swift; path = LightTheme.swift; sourceTree = "<group>"; };
		1458E44921EA4A23005AE25F /* Theme.swift */ = {isa = PBXFileReference; lastKnownFileType = sourcecode.swift; path = Theme.swift; sourceTree = "<group>"; };
		146F8E1D21DF9264002215CB /* AboutViewViewController.swift */ = {isa = PBXFileReference; lastKnownFileType = sourcecode.swift; path = AboutViewViewController.swift; sourceTree = "<group>"; };
		146F8E1F21DF9B76002215CB /* SettingsViewController.swift */ = {isa = PBXFileReference; lastKnownFileType = sourcecode.swift; path = SettingsViewController.swift; sourceTree = "<group>"; };
		147AE56921EFF35F0075DEC9 /* CollectionOfLessons.swift */ = {isa = PBXFileReference; lastKnownFileType = sourcecode.swift; path = CollectionOfLessons.swift; sourceTree = "<group>"; };
		147AE56B21EFF3690075DEC9 /* LessonsData.swift */ = {isa = PBXFileReference; lastKnownFileType = sourcecode.swift; path = LessonsData.swift; sourceTree = "<group>"; };
		147AE56D21EFF3720075DEC9 /* SubLessonsData.swift */ = {isa = PBXFileReference; lastKnownFileType = sourcecode.swift; path = SubLessonsData.swift; sourceTree = "<group>"; };
		147ED44921F3ED9E00A87CB4 /* Assets.xcassets */ = {isa = PBXFileReference; lastKnownFileType = folder.assetcatalog; path = Assets.xcassets; sourceTree = "<group>"; };
		149B3F7521BE7DCA00539BC3 /* Meet Swift.app */ = {isa = PBXFileReference; explicitFileType = wrapper.application; includeInIndex = 0; path = "Meet Swift.app"; sourceTree = BUILT_PRODUCTS_DIR; };
		149B3F7821BE7DCA00539BC3 /* AppDelegate.swift */ = {isa = PBXFileReference; lastKnownFileType = sourcecode.swift; path = AppDelegate.swift; sourceTree = "<group>"; };
		149B3F7D21BE7DCA00539BC3 /* Base */ = {isa = PBXFileReference; lastKnownFileType = file.storyboard; name = Base; path = Base.lproj/Main.storyboard; sourceTree = "<group>"; };
		149B3F8221BE7DCC00539BC3 /* Base */ = {isa = PBXFileReference; lastKnownFileType = file.storyboard; name = Base; path = Base.lproj/LaunchScreen.storyboard; sourceTree = "<group>"; };
		149B3F8421BE7DCC00539BC3 /* Info.plist */ = {isa = PBXFileReference; lastKnownFileType = text.plist.xml; path = Info.plist; sourceTree = "<group>"; };
		149B3F8D21BE7F2700539BC3 /* LessonsTableViewController.swift */ = {isa = PBXFileReference; lastKnownFileType = sourcecode.swift; path = LessonsTableViewController.swift; sourceTree = "<group>"; };
		149B3F8F21BE7F8000539BC3 /* SubLessonsTableViewController.swift */ = {isa = PBXFileReference; lastKnownFileType = sourcecode.swift; path = SubLessonsTableViewController.swift; sourceTree = "<group>"; };
		149B3F9121BE7FC500539BC3 /* LessonViewController.swift */ = {isa = PBXFileReference; lastKnownFileType = sourcecode.swift; path = LessonViewController.swift; sourceTree = "<group>"; };
		14DC500A21E90C5B006EDC00 /* CustomSubLessonsCell.swift */ = {isa = PBXFileReference; lastKnownFileType = sourcecode.swift; path = CustomSubLessonsCell.swift; sourceTree = "<group>"; };
		14EAE08421F0B39E0008B3EF /* LessonBViewController.swift */ = {isa = PBXFileReference; lastKnownFileType = sourcecode.swift; path = LessonBViewController.swift; sourceTree = "<group>"; };
		14EDED8C21F7C1A5005F5FFA /* default.realm */ = {isa = PBXFileReference; lastKnownFileType = file; path = default.realm; sourceTree = "<group>"; };
		327FCC0BF6494264725D6F7F /* Pods-Meet Swift.release.xcconfig */ = {isa = PBXFileReference; includeInIndex = 1; lastKnownFileType = text.xcconfig; name = "Pods-Meet Swift.release.xcconfig"; path = "Pods/Target Support Files/Pods-Meet Swift/Pods-Meet Swift.release.xcconfig"; sourceTree = "<group>"; };
		60BE35164B456F78A4272A0C /* Pods-Meet Swift.debug.xcconfig */ = {isa = PBXFileReference; includeInIndex = 1; lastKnownFileType = text.xcconfig; name = "Pods-Meet Swift.debug.xcconfig"; path = "Pods/Target Support Files/Pods-Meet Swift/Pods-Meet Swift.debug.xcconfig"; sourceTree = "<group>"; };
		B572BF09DFF4C3EE4290E578 /* Pods_Meet_Swift.framework */ = {isa = PBXFileReference; explicitFileType = wrapper.framework; includeInIndex = 0; path = Pods_Meet_Swift.framework; sourceTree = BUILT_PRODUCTS_DIR; };
/* End PBXFileReference section */

/* Begin PBXFrameworksBuildPhase section */
		149B3F7221BE7DCA00539BC3 /* Frameworks */ = {
			isa = PBXFrameworksBuildPhase;
			buildActionMask = 2147483647;
			files = (
				515C6557D7745EBD1C032B16 /* Pods_Meet_Swift.framework in Frameworks */,
			);
			runOnlyForDeploymentPostprocessing = 0;
		};
/* End PBXFrameworksBuildPhase section */

/* Begin PBXGroup section */
		1458E44221EA4780005AE25F /* Theme */ = {
			isa = PBXGroup;
			children = (
				1458E44921EA4A23005AE25F /* Theme.swift */,
				1458E44321EA47AE005AE25F /* ThemeProtocol.swift */,
				1458E44721EA4893005AE25F /* LightTheme.swift */,
				1458E44521EA4885005AE25F /* DarkTheme.swift */,
			);
			path = Theme;
			sourceTree = "<group>";
		};
		149B3F6C21BE7DCA00539BC3 = {
			isa = PBXGroup;
			children = (
				149B3F7721BE7DCA00539BC3 /* Meet Swift */,
				149B3F7621BE7DCA00539BC3 /* Products */,
				57C606EA4C50D2A9ABA9811D /* Pods */,
				6D25A77CF14207BD6E90077D /* Frameworks */,
			);
			sourceTree = "<group>";
		};
		149B3F7621BE7DCA00539BC3 /* Products */ = {
			isa = PBXGroup;
			children = (
				149B3F7521BE7DCA00539BC3 /* Meet Swift.app */,
			);
			name = Products;
			sourceTree = "<group>";
		};
		149B3F7721BE7DCA00539BC3 /* Meet Swift */ = {
			isa = PBXGroup;
			children = (
				14EAE08121F0AA790008B3EF /* Supporting Files */,
				149B3F8C21BE7EDE00539BC3 /* Controller */,
				149B3F8B21BE7ED000539BC3 /* Model */,
				149B3F8A21BE7EC700539BC3 /* View */,
				149B3F8421BE7DCC00539BC3 /* Info.plist */,
			);
			path = "Meet Swift";
			sourceTree = "<group>";
		};
		149B3F8A21BE7EC700539BC3 /* View */ = {
			isa = PBXGroup;
			children = (
				149B3F7C21BE7DCA00539BC3 /* Main.storyboard */,
				14FE5FBC21E6A2C0007E877F /* Cell */,
				1458E44221EA4780005AE25F /* Theme */,
			);
			path = View;
			sourceTree = "<group>";
		};
		149B3F8B21BE7ED000539BC3 /* Model */ = {
			isa = PBXGroup;
			children = (
				14EDED8C21F7C1A5005F5FFA /* default.realm */,
				147AE56921EFF35F0075DEC9 /* CollectionOfLessons.swift */,
				147AE56B21EFF3690075DEC9 /* LessonsData.swift */,
				147AE56D21EFF3720075DEC9 /* SubLessonsData.swift */,
			);
			path = Model;
			sourceTree = "<group>";
		};
		149B3F8C21BE7EDE00539BC3 /* Controller */ = {
			isa = PBXGroup;
			children = (
				149B3F7821BE7DCA00539BC3 /* AppDelegate.swift */,
				146F8E1D21DF9264002215CB /* AboutViewViewController.swift */,
				146F8E1F21DF9B76002215CB /* SettingsViewController.swift */,
				149B3F8D21BE7F2700539BC3 /* LessonsTableViewController.swift */,
				149B3F8F21BE7F8000539BC3 /* SubLessonsTableViewController.swift */,
				149B3F9121BE7FC500539BC3 /* LessonViewController.swift */,
				14EAE08421F0B39E0008B3EF /* LessonBViewController.swift */,
			);
			path = Controller;
			sourceTree = "<group>";
		};
		14EAE08121F0AA790008B3EF /* Supporting Files */ = {
			isa = PBXGroup;
			children = (
				147ED44921F3ED9E00A87CB4 /* Assets.xcassets */,
				149B3F8121BE7DCC00539BC3 /* LaunchScreen.storyboard */,
			);
			path = "Supporting Files";
			sourceTree = "<group>";
		};
		14FE5FBC21E6A2C0007E877F /* Cell */ = {
			isa = PBXGroup;
			children = (
				1458E44021EA2A6F005AE25F /* CustomLessonsCell.swift */,
				14DC500A21E90C5B006EDC00 /* CustomSubLessonsCell.swift */,
			);
			path = Cell;
			sourceTree = "<group>";
		};
		57C606EA4C50D2A9ABA9811D /* Pods */ = {
			isa = PBXGroup;
			children = (
				60BE35164B456F78A4272A0C /* Pods-Meet Swift.debug.xcconfig */,
				327FCC0BF6494264725D6F7F /* Pods-Meet Swift.release.xcconfig */,
			);
			name = Pods;
			sourceTree = "<group>";
		};
		6D25A77CF14207BD6E90077D /* Frameworks */ = {
			isa = PBXGroup;
			children = (
				B572BF09DFF4C3EE4290E578 /* Pods_Meet_Swift.framework */,
			);
			name = Frameworks;
			sourceTree = "<group>";
		};
/* End PBXGroup section */

/* Begin PBXNativeTarget section */
		149B3F7421BE7DCA00539BC3 /* Meet Swift */ = {
			isa = PBXNativeTarget;
			buildConfigurationList = 149B3F8721BE7DCC00539BC3 /* Build configuration list for PBXNativeTarget "Meet Swift" */;
			buildPhases = (
				01A22A875BB8F92C335D0C16 /* [CP] Check Pods Manifest.lock */,
				149B3F7121BE7DCA00539BC3 /* Sources */,
				149B3F7221BE7DCA00539BC3 /* Frameworks */,
				149B3F7321BE7DCA00539BC3 /* Resources */,
				358921EE65888E8F7F3E4046 /* [CP] Embed Pods Frameworks */,
			);
			buildRules = (
			);
			dependencies = (
			);
			name = "Meet Swift";
			productName = "Meet Swift";
			productReference = 149B3F7521BE7DCA00539BC3 /* Meet Swift.app */;
			productType = "com.apple.product-type.application";
		};
/* End PBXNativeTarget section */

/* Begin PBXProject section */
		149B3F6D21BE7DCA00539BC3 /* Project object */ = {
			isa = PBXProject;
			attributes = {
				LastSwiftUpdateCheck = 1010;
				LastUpgradeCheck = 1010;
				ORGANIZATIONNAME = Filip;
				TargetAttributes = {
					149B3F7421BE7DCA00539BC3 = {
						CreatedOnToolsVersion = 10.1;
					};
				};
			};
			buildConfigurationList = 149B3F7021BE7DCA00539BC3 /* Build configuration list for PBXProject "Meet Swift" */;
			compatibilityVersion = "Xcode 9.3";
			developmentRegion = en;
			hasScannedForEncodings = 0;
			knownRegions = (
				en,
				Base,
			);
			mainGroup = 149B3F6C21BE7DCA00539BC3;
			productRefGroup = 149B3F7621BE7DCA00539BC3 /* Products */;
			projectDirPath = "";
			projectRoot = "";
			targets = (
				149B3F7421BE7DCA00539BC3 /* Meet Swift */,
			);
		};
/* End PBXProject section */

/* Begin PBXResourcesBuildPhase section */
		149B3F7321BE7DCA00539BC3 /* Resources */ = {
			isa = PBXResourcesBuildPhase;
			buildActionMask = 2147483647;
			files = (
				149B3F8321BE7DCC00539BC3 /* LaunchScreen.storyboard in Resources */,
				14EDED8D21F7C1A5005F5FFA /* default.realm in Resources */,
				147ED44A21F3ED9E00A87CB4 /* Assets.xcassets in Resources */,
				149B3F7E21BE7DCA00539BC3 /* Main.storyboard in Resources */,
			);
			runOnlyForDeploymentPostprocessing = 0;
		};
/* End PBXResourcesBuildPhase section */

/* Begin PBXShellScriptBuildPhase section */
		01A22A875BB8F92C335D0C16 /* [CP] Check Pods Manifest.lock */ = {
			isa = PBXShellScriptBuildPhase;
			buildActionMask = 2147483647;
			files = (
			);
			inputFileListPaths = (
			);
			inputPaths = (
				"${PODS_PODFILE_DIR_PATH}/Podfile.lock",
				"${PODS_ROOT}/Manifest.lock",
			);
			name = "[CP] Check Pods Manifest.lock";
			outputFileListPaths = (
			);
			outputPaths = (
				"$(DERIVED_FILE_DIR)/Pods-Meet Swift-checkManifestLockResult.txt",
			);
			runOnlyForDeploymentPostprocessing = 0;
			shellPath = /bin/sh;
			shellScript = "diff \"${PODS_PODFILE_DIR_PATH}/Podfile.lock\" \"${PODS_ROOT}/Manifest.lock\" > /dev/null\nif [ $? != 0 ] ; then\n    # print error to STDERR\n    echo \"error: The sandbox is not in sync with the Podfile.lock. Run 'pod install' or update your CocoaPods installation.\" >&2\n    exit 1\nfi\n# This output is used by Xcode 'outputs' to avoid re-running this script phase.\necho \"SUCCESS\" > \"${SCRIPT_OUTPUT_FILE_0}\"\n";
			showEnvVarsInLog = 0;
		};
		358921EE65888E8F7F3E4046 /* [CP] Embed Pods Frameworks */ = {
			isa = PBXShellScriptBuildPhase;
			buildActionMask = 2147483647;
			files = (
			);
			inputFileListPaths = (
			);
			inputPaths = (
				"${SRCROOT}/Pods/Target Support Files/Pods-Meet Swift/Pods-Meet Swift-frameworks.sh",
				"${BUILT_PRODUCTS_DIR}/Realm/Realm.framework",
				"${BUILT_PRODUCTS_DIR}/RealmSwift/RealmSwift.framework",
			);
			name = "[CP] Embed Pods Frameworks";
			outputFileListPaths = (
			);
			outputPaths = (
				"${TARGET_BUILD_DIR}/${FRAMEWORKS_FOLDER_PATH}/Realm.framework",
				"${TARGET_BUILD_DIR}/${FRAMEWORKS_FOLDER_PATH}/RealmSwift.framework",
			);
			runOnlyForDeploymentPostprocessing = 0;
			shellPath = /bin/sh;
			shellScript = "\"${SRCROOT}/Pods/Target Support Files/Pods-Meet Swift/Pods-Meet Swift-frameworks.sh\"\n";
			showEnvVarsInLog = 0;
		};
/* End PBXShellScriptBuildPhase section */

/* Begin PBXSourcesBuildPhase section */
		149B3F7121BE7DCA00539BC3 /* Sources */ = {
			isa = PBXSourcesBuildPhase;
			buildActionMask = 2147483647;
			files = (
				1458E44421EA47AE005AE25F /* ThemeProtocol.swift in Sources */,
				149B3F7921BE7DCA00539BC3 /* AppDelegate.swift in Sources */,
				147AE56E21EFF3720075DEC9 /* SubLessonsData.swift in Sources */,
				146F8E2021DF9B76002215CB /* SettingsViewController.swift in Sources */,
				1458E44821EA4893005AE25F /* LightTheme.swift in Sources */,
				146F8E1E21DF9264002215CB /* AboutViewViewController.swift in Sources */,
				149B3F9021BE7F8000539BC3 /* SubLessonsTableViewController.swift in Sources */,
				147AE56C21EFF3690075DEC9 /* LessonsData.swift in Sources */,
				1458E44121EA2A6F005AE25F /* CustomLessonsCell.swift in Sources */,
				1458E44621EA4885005AE25F /* DarkTheme.swift in Sources */,
				147AE56A21EFF35F0075DEC9 /* CollectionOfLessons.swift in Sources */,
				14DC500B21E90C5B006EDC00 /* CustomSubLessonsCell.swift in Sources */,
				149B3F9221BE7FC500539BC3 /* LessonViewController.swift in Sources */,
				14EAE08521F0B39E0008B3EF /* LessonBViewController.swift in Sources */,
				149B3F8E21BE7F2700539BC3 /* LessonsTableViewController.swift in Sources */,
				1458E44A21EA4A23005AE25F /* Theme.swift in Sources */,
			);
			runOnlyForDeploymentPostprocessing = 0;
		};
/* End PBXSourcesBuildPhase section */

/* Begin PBXVariantGroup section */
		149B3F7C21BE7DCA00539BC3 /* Main.storyboard */ = {
			isa = PBXVariantGroup;
			children = (
				149B3F7D21BE7DCA00539BC3 /* Base */,
			);
			name = Main.storyboard;
			sourceTree = "<group>";
		};
		149B3F8121BE7DCC00539BC3 /* LaunchScreen.storyboard */ = {
			isa = PBXVariantGroup;
			children = (
				149B3F8221BE7DCC00539BC3 /* Base */,
			);
			name = LaunchScreen.storyboard;
			sourceTree = "<group>";
		};
/* End PBXVariantGroup section */

/* Begin XCBuildConfiguration section */
		149B3F8521BE7DCC00539BC3 /* Debug */ = {
			isa = XCBuildConfiguration;
			buildSettings = {
				ALWAYS_SEARCH_USER_PATHS = NO;
				CLANG_ANALYZER_NONNULL = YES;
				CLANG_ANALYZER_NUMBER_OBJECT_CONVERSION = YES_AGGRESSIVE;
				CLANG_CXX_LANGUAGE_STANDARD = "gnu++14";
				CLANG_CXX_LIBRARY = "libc++";
				CLANG_ENABLE_MODULES = YES;
				CLANG_ENABLE_OBJC_ARC = YES;
				CLANG_ENABLE_OBJC_WEAK = YES;
				CLANG_WARN_BLOCK_CAPTURE_AUTORELEASING = YES;
				CLANG_WARN_BOOL_CONVERSION = YES;
				CLANG_WARN_COMMA = YES;
				CLANG_WARN_CONSTANT_CONVERSION = YES;
				CLANG_WARN_DEPRECATED_OBJC_IMPLEMENTATIONS = YES;
				CLANG_WARN_DIRECT_OBJC_ISA_USAGE = YES_ERROR;
				CLANG_WARN_DOCUMENTATION_COMMENTS = YES;
				CLANG_WARN_EMPTY_BODY = YES;
				CLANG_WARN_ENUM_CONVERSION = YES;
				CLANG_WARN_INFINITE_RECURSION = YES;
				CLANG_WARN_INT_CONVERSION = YES;
				CLANG_WARN_NON_LITERAL_NULL_CONVERSION = YES;
				CLANG_WARN_OBJC_IMPLICIT_RETAIN_SELF = YES;
				CLANG_WARN_OBJC_LITERAL_CONVERSION = YES;
				CLANG_WARN_OBJC_ROOT_CLASS = YES_ERROR;
				CLANG_WARN_RANGE_LOOP_ANALYSIS = YES;
				CLANG_WARN_STRICT_PROTOTYPES = YES;
				CLANG_WARN_SUSPICIOUS_MOVE = YES;
				CLANG_WARN_UNGUARDED_AVAILABILITY = YES_AGGRESSIVE;
				CLANG_WARN_UNREACHABLE_CODE = YES;
				CLANG_WARN__DUPLICATE_METHOD_MATCH = YES;
				CODE_SIGN_IDENTITY = "iPhone Developer";
				COPY_PHASE_STRIP = NO;
				DEBUG_INFORMATION_FORMAT = dwarf;
				ENABLE_STRICT_OBJC_MSGSEND = YES;
				ENABLE_TESTABILITY = YES;
				GCC_C_LANGUAGE_STANDARD = gnu11;
				GCC_DYNAMIC_NO_PIC = NO;
				GCC_NO_COMMON_BLOCKS = YES;
				GCC_OPTIMIZATION_LEVEL = 0;
				GCC_PREPROCESSOR_DEFINITIONS = (
					"DEBUG=1",
					"$(inherited)",
				);
				GCC_WARN_64_TO_32_BIT_CONVERSION = YES;
				GCC_WARN_ABOUT_RETURN_TYPE = YES_ERROR;
				GCC_WARN_UNDECLARED_SELECTOR = YES;
				GCC_WARN_UNINITIALIZED_AUTOS = YES_AGGRESSIVE;
				GCC_WARN_UNUSED_FUNCTION = YES;
				GCC_WARN_UNUSED_VARIABLE = YES;
				IPHONEOS_DEPLOYMENT_TARGET = 12.1;
				MTL_ENABLE_DEBUG_INFO = INCLUDE_SOURCE;
				MTL_FAST_MATH = YES;
				ONLY_ACTIVE_ARCH = YES;
				SDKROOT = iphoneos;
				SWIFT_ACTIVE_COMPILATION_CONDITIONS = DEBUG;
				SWIFT_OPTIMIZATION_LEVEL = "-Onone";
			};
			name = Debug;
		};
		149B3F8621BE7DCC00539BC3 /* Release */ = {
			isa = XCBuildConfiguration;
			buildSettings = {
				ALWAYS_SEARCH_USER_PATHS = NO;
				CLANG_ANALYZER_NONNULL = YES;
				CLANG_ANALYZER_NUMBER_OBJECT_CONVERSION = YES_AGGRESSIVE;
				CLANG_CXX_LANGUAGE_STANDARD = "gnu++14";
				CLANG_CXX_LIBRARY = "libc++";
				CLANG_ENABLE_MODULES = YES;
				CLANG_ENABLE_OBJC_ARC = YES;
				CLANG_ENABLE_OBJC_WEAK = YES;
				CLANG_WARN_BLOCK_CAPTURE_AUTORELEASING = YES;
				CLANG_WARN_BOOL_CONVERSION = YES;
				CLANG_WARN_COMMA = YES;
				CLANG_WARN_CONSTANT_CONVERSION = YES;
				CLANG_WARN_DEPRECATED_OBJC_IMPLEMENTATIONS = YES;
				CLANG_WARN_DIRECT_OBJC_ISA_USAGE = YES_ERROR;
				CLANG_WARN_DOCUMENTATION_COMMENTS = YES;
				CLANG_WARN_EMPTY_BODY = YES;
				CLANG_WARN_ENUM_CONVERSION = YES;
				CLANG_WARN_INFINITE_RECURSION = YES;
				CLANG_WARN_INT_CONVERSION = YES;
				CLANG_WARN_NON_LITERAL_NULL_CONVERSION = YES;
				CLANG_WARN_OBJC_IMPLICIT_RETAIN_SELF = YES;
				CLANG_WARN_OBJC_LITERAL_CONVERSION = YES;
				CLANG_WARN_OBJC_ROOT_CLASS = YES_ERROR;
				CLANG_WARN_RANGE_LOOP_ANALYSIS = YES;
				CLANG_WARN_STRICT_PROTOTYPES = YES;
				CLANG_WARN_SUSPICIOUS_MOVE = YES;
				CLANG_WARN_UNGUARDED_AVAILABILITY = YES_AGGRESSIVE;
				CLANG_WARN_UNREACHABLE_CODE = YES;
				CLANG_WARN__DUPLICATE_METHOD_MATCH = YES;
				CODE_SIGN_IDENTITY = "iPhone Developer";
				COPY_PHASE_STRIP = NO;
				DEBUG_INFORMATION_FORMAT = "dwarf-with-dsym";
				ENABLE_NS_ASSERTIONS = NO;
				ENABLE_STRICT_OBJC_MSGSEND = YES;
				GCC_C_LANGUAGE_STANDARD = gnu11;
				GCC_NO_COMMON_BLOCKS = YES;
				GCC_WARN_64_TO_32_BIT_CONVERSION = YES;
				GCC_WARN_ABOUT_RETURN_TYPE = YES_ERROR;
				GCC_WARN_UNDECLARED_SELECTOR = YES;
				GCC_WARN_UNINITIALIZED_AUTOS = YES_AGGRESSIVE;
				GCC_WARN_UNUSED_FUNCTION = YES;
				GCC_WARN_UNUSED_VARIABLE = YES;
				IPHONEOS_DEPLOYMENT_TARGET = 12.1;
				MTL_ENABLE_DEBUG_INFO = NO;
				MTL_FAST_MATH = YES;
				SDKROOT = iphoneos;
				SWIFT_COMPILATION_MODE = wholemodule;
				SWIFT_OPTIMIZATION_LEVEL = "-O";
				VALIDATE_PRODUCT = YES;
			};
			name = Release;
		};
		149B3F8821BE7DCC00539BC3 /* Debug */ = {
			isa = XCBuildConfiguration;
			baseConfigurationReference = 60BE35164B456F78A4272A0C /* Pods-Meet Swift.debug.xcconfig */;
			buildSettings = {
				ASSETCATALOG_COMPILER_APPICON_NAME = AppIcon;
				CODE_SIGN_STYLE = Automatic;
				DEVELOPMENT_TEAM = FTSDJRAZR8;
				INFOPLIST_FILE = "Meet Swift/Info.plist";
				LD_RUNPATH_SEARCH_PATHS = (
					"$(inherited)",
					"@executable_path/Frameworks",
				);
				PRODUCT_BUNDLE_IDENTIFIER = "fg.Meet-Swift";
				PRODUCT_NAME = "$(TARGET_NAME)";
				SWIFT_VERSION = 4.2;
				TARGETED_DEVICE_FAMILY = "1,2";
			};
			name = Debug;
		};
		149B3F8921BE7DCC00539BC3 /* Release */ = {
			isa = XCBuildConfiguration;
			baseConfigurationReference = 327FCC0BF6494264725D6F7F /* Pods-Meet Swift.release.xcconfig */;
			buildSettings = {
				ASSETCATALOG_COMPILER_APPICON_NAME = AppIcon;
				CODE_SIGN_STYLE = Automatic;
				DEVELOPMENT_TEAM = FTSDJRAZR8;
				INFOPLIST_FILE = "Meet Swift/Info.plist";
				LD_RUNPATH_SEARCH_PATHS = (
					"$(inherited)",
					"@executable_path/Frameworks",
				);
				PRODUCT_BUNDLE_IDENTIFIER = "fg.Meet-Swift";
				PRODUCT_NAME = "$(TARGET_NAME)";
				SWIFT_VERSION = 4.2;
				TARGETED_DEVICE_FAMILY = "1,2";
			};
			name = Release;
		};
/* End XCBuildConfiguration section */

/* Begin XCConfigurationList section */
		149B3F7021BE7DCA00539BC3 /* Build configuration list for PBXProject "Meet Swift" */ = {
			isa = XCConfigurationList;
			buildConfigurations = (
				149B3F8521BE7DCC00539BC3 /* Debug */,
				149B3F8621BE7DCC00539BC3 /* Release */,
			);
			defaultConfigurationIsVisible = 0;
			defaultConfigurationName = Release;
		};
		149B3F8721BE7DCC00539BC3 /* Build configuration list for PBXNativeTarget "Meet Swift" */ = {
			isa = XCConfigurationList;
			buildConfigurations = (
				149B3F8821BE7DCC00539BC3 /* Debug */,
				149B3F8921BE7DCC00539BC3 /* Release */,
			);
			defaultConfigurationIsVisible = 0;
			defaultConfigurationName = Release;
		};
/* End XCConfigurationList section */
	};
	rootObject = 149B3F6D21BE7DCA00539BC3 /* Project object */;
}
