// !$*UTF8*$!
{
	archiveVersion = 1;
	classes = {
	};
	objectVersion = 50;
	objects = {

/* Begin PBXBuildFile section */
		1408977421CC1BD9003C2915 /* ColorTheme.swift in Sources */ = {isa = PBXBuildFile; fileRef = 1408977321CC1BD9003C2915 /* ColorTheme.swift */; };
		146F8E1E21DF9264002215CB /* AboutViewViewController.swift in Sources */ = {isa = PBXBuildFile; fileRef = 146F8E1D21DF9264002215CB /* AboutViewViewController.swift */; };
		146F8E2021DF9B76002215CB /* SettingsViewController.swift in Sources */ = {isa = PBXBuildFile; fileRef = 146F8E1F21DF9B76002215CB /* SettingsViewController.swift */; };
		149B3F7921BE7DCA00539BC3 /* AppDelegate.swift in Sources */ = {isa = PBXBuildFile; fileRef = 149B3F7821BE7DCA00539BC3 /* AppDelegate.swift */; };
		149B3F7E21BE7DCA00539BC3 /* Main.storyboard in Resources */ = {isa = PBXBuildFile; fileRef = 149B3F7C21BE7DCA00539BC3 /* Main.storyboard */; };
		149B3F8021BE7DCC00539BC3 /* Assets.xcassets in Resources */ = {isa = PBXBuildFile; fileRef = 149B3F7F21BE7DCC00539BC3 /* Assets.xcassets */; };
		149B3F8321BE7DCC00539BC3 /* LaunchScreen.storyboard in Resources */ = {isa = PBXBuildFile; fileRef = 149B3F8121BE7DCC00539BC3 /* LaunchScreen.storyboard */; };
		149B3F8E21BE7F2700539BC3 /* LessonsTableViewController.swift in Sources */ = {isa = PBXBuildFile; fileRef = 149B3F8D21BE7F2700539BC3 /* LessonsTableViewController.swift */; };
		149B3F9021BE7F8000539BC3 /* SubLessonsTableViewController.swift in Sources */ = {isa = PBXBuildFile; fileRef = 149B3F8F21BE7F8000539BC3 /* SubLessonsTableViewController.swift */; };
		149B3F9221BE7FC500539BC3 /* LessonViewController.swift in Sources */ = {isa = PBXBuildFile; fileRef = 149B3F9121BE7FC500539BC3 /* LessonViewController.swift */; };
		149B3F9421BE8DB600539BC3 /* LessonsModel.swift in Sources */ = {isa = PBXBuildFile; fileRef = 149B3F9321BE8DB600539BC3 /* LessonsModel.swift */; };
		149B3F9621BE8DC600539BC3 /* BeginnerLessonsBank.swift in Sources */ = {isa = PBXBuildFile; fileRef = 149B3F9521BE8DC600539BC3 /* BeginnerLessonsBank.swift */; };
		149B3F9821BE9A0C00539BC3 /* IntermediateLessonsBank.swift in Sources */ = {isa = PBXBuildFile; fileRef = 149B3F9721BE9A0C00539BC3 /* IntermediateLessonsBank.swift */; };
		14FE5FBF21E6A3EF007E877F /* CustomLessonsCell.swift in Sources */ = {isa = PBXBuildFile; fileRef = 14FE5FBD21E6A3EF007E877F /* CustomLessonsCell.swift */; };
		14FE5FC021E6A3EF007E877F /* LessonsCell.xib in Resources */ = {isa = PBXBuildFile; fileRef = 14FE5FBE21E6A3EF007E877F /* LessonsCell.xib */; };
/* End PBXBuildFile section */

/* Begin PBXFileReference section */
		1408977321CC1BD9003C2915 /* ColorTheme.swift */ = {isa = PBXFileReference; lastKnownFileType = sourcecode.swift; path = ColorTheme.swift; sourceTree = "<group>"; };
		146F8E1D21DF9264002215CB /* AboutViewViewController.swift */ = {isa = PBXFileReference; lastKnownFileType = sourcecode.swift; path = AboutViewViewController.swift; sourceTree = "<group>"; };
		146F8E1F21DF9B76002215CB /* SettingsViewController.swift */ = {isa = PBXFileReference; lastKnownFileType = sourcecode.swift; path = SettingsViewController.swift; sourceTree = "<group>"; };
		149B3F7521BE7DCA00539BC3 /* Meet Swift.app */ = {isa = PBXFileReference; explicitFileType = wrapper.application; includeInIndex = 0; path = "Meet Swift.app"; sourceTree = BUILT_PRODUCTS_DIR; };
		149B3F7821BE7DCA00539BC3 /* AppDelegate.swift */ = {isa = PBXFileReference; lastKnownFileType = sourcecode.swift; path = AppDelegate.swift; sourceTree = "<group>"; };
		149B3F7D21BE7DCA00539BC3 /* Base */ = {isa = PBXFileReference; lastKnownFileType = file.storyboard; name = Base; path = Base.lproj/Main.storyboard; sourceTree = "<group>"; };
		149B3F7F21BE7DCC00539BC3 /* Assets.xcassets */ = {isa = PBXFileReference; lastKnownFileType = folder.assetcatalog; path = Assets.xcassets; sourceTree = "<group>"; };
		149B3F8221BE7DCC00539BC3 /* Base */ = {isa = PBXFileReference; lastKnownFileType = file.storyboard; name = Base; path = Base.lproj/LaunchScreen.storyboard; sourceTree = "<group>"; };
		149B3F8421BE7DCC00539BC3 /* Info.plist */ = {isa = PBXFileReference; lastKnownFileType = text.plist.xml; path = Info.plist; sourceTree = "<group>"; };
		149B3F8D21BE7F2700539BC3 /* LessonsTableViewController.swift */ = {isa = PBXFileReference; lastKnownFileType = sourcecode.swift; path = LessonsTableViewController.swift; sourceTree = "<group>"; };
		149B3F8F21BE7F8000539BC3 /* SubLessonsTableViewController.swift */ = {isa = PBXFileReference; lastKnownFileType = sourcecode.swift; path = SubLessonsTableViewController.swift; sourceTree = "<group>"; };
		149B3F9121BE7FC500539BC3 /* LessonViewController.swift */ = {isa = PBXFileReference; lastKnownFileType = sourcecode.swift; path = LessonViewController.swift; sourceTree = "<group>"; };
		149B3F9321BE8DB600539BC3 /* LessonsModel.swift */ = {isa = PBXFileReference; lastKnownFileType = sourcecode.swift; path = LessonsModel.swift; sourceTree = "<group>"; };
		149B3F9521BE8DC600539BC3 /* BeginnerLessonsBank.swift */ = {isa = PBXFileReference; lastKnownFileType = sourcecode.swift; path = BeginnerLessonsBank.swift; sourceTree = "<group>"; };
		149B3F9721BE9A0C00539BC3 /* IntermediateLessonsBank.swift */ = {isa = PBXFileReference; lastKnownFileType = sourcecode.swift; path = IntermediateLessonsBank.swift; sourceTree = "<group>"; };
		14FE5FBD21E6A3EF007E877F /* CustomLessonsCell.swift */ = {isa = PBXFileReference; lastKnownFileType = sourcecode.swift; path = CustomLessonsCell.swift; sourceTree = "<group>"; };
		14FE5FBE21E6A3EF007E877F /* LessonsCell.xib */ = {isa = PBXFileReference; lastKnownFileType = file.xib; path = LessonsCell.xib; sourceTree = "<group>"; };
/* End PBXFileReference section */

/* Begin PBXFrameworksBuildPhase section */
		149B3F7221BE7DCA00539BC3 /* Frameworks */ = {
			isa = PBXFrameworksBuildPhase;
			buildActionMask = 2147483647;
			files = (
			);
			runOnlyForDeploymentPostprocessing = 0;
		};
/* End PBXFrameworksBuildPhase section */

/* Begin PBXGroup section */
		149B3F6C21BE7DCA00539BC3 = {
			isa = PBXGroup;
			children = (
				149B3F7721BE7DCA00539BC3 /* Meet Swift */,
				149B3F7621BE7DCA00539BC3 /* Products */,
			);
			sourceTree = "<group>";
		};
		149B3F7621BE7DCA00539BC3 /* Products */ = {
			isa = PBXGroup;
			children = (
				149B3F7521BE7DCA00539BC3 /* Meet Swift.app */,
			);
			name = Products;
			sourceTree = "<group>";
		};
		149B3F7721BE7DCA00539BC3 /* Meet Swift */ = {
			isa = PBXGroup;
			children = (
				149B3F8C21BE7EDE00539BC3 /* Controller */,
				149B3F8B21BE7ED000539BC3 /* Model */,
				149B3F8A21BE7EC700539BC3 /* View */,
				149B3F7F21BE7DCC00539BC3 /* Assets.xcassets */,
				149B3F8121BE7DCC00539BC3 /* LaunchScreen.storyboard */,
				149B3F8421BE7DCC00539BC3 /* Info.plist */,
			);
			path = "Meet Swift";
			sourceTree = "<group>";
		};
		149B3F8A21BE7EC700539BC3 /* View */ = {
			isa = PBXGroup;
			children = (
				14FE5FBC21E6A2C0007E877F /* Cell */,
				149B3F7C21BE7DCA00539BC3 /* Main.storyboard */,
				1408977321CC1BD9003C2915 /* ColorTheme.swift */,
			);
			path = View;
			sourceTree = "<group>";
		};
		149B3F8B21BE7ED000539BC3 /* Model */ = {
			isa = PBXGroup;
			children = (
				149B3F9321BE8DB600539BC3 /* LessonsModel.swift */,
				149B3F9521BE8DC600539BC3 /* BeginnerLessonsBank.swift */,
				149B3F9721BE9A0C00539BC3 /* IntermediateLessonsBank.swift */,
			);
			path = Model;
			sourceTree = "<group>";
		};
		149B3F8C21BE7EDE00539BC3 /* Controller */ = {
			isa = PBXGroup;
			children = (
				149B3F7821BE7DCA00539BC3 /* AppDelegate.swift */,
				146F8E1D21DF9264002215CB /* AboutViewViewController.swift */,
				146F8E1F21DF9B76002215CB /* SettingsViewController.swift */,
				149B3F8D21BE7F2700539BC3 /* LessonsTableViewController.swift */,
				149B3F8F21BE7F8000539BC3 /* SubLessonsTableViewController.swift */,
				149B3F9121BE7FC500539BC3 /* LessonViewController.swift */,
			);
			path = Controller;
			sourceTree = "<group>";
		};
		14FE5FBC21E6A2C0007E877F /* Cell */ = {
			isa = PBXGroup;
			children = (
				14FE5FBD21E6A3EF007E877F /* CustomLessonsCell.swift */,
				14FE5FBE21E6A3EF007E877F /* LessonsCell.xib */,
			);
			path = Cell;
			sourceTree = "<group>";
		};
/* End PBXGroup section */

/* Begin PBXNativeTarget section */
		149B3F7421BE7DCA00539BC3 /* Meet Swift */ = {
			isa = PBXNativeTarget;
			buildConfigurationList = 149B3F8721BE7DCC00539BC3 /* Build configuration list for PBXNativeTarget "Meet Swift" */;
			buildPhases = (
				149B3F7121BE7DCA00539BC3 /* Sources */,
				149B3F7221BE7DCA00539BC3 /* Frameworks */,
				149B3F7321BE7DCA00539BC3 /* Resources */,
			);
			buildRules = (
			);
			dependencies = (
			);
			name = "Meet Swift";
			productName = "Meet Swift";
			productReference = 149B3F7521BE7DCA00539BC3 /* Meet Swift.app */;
			productType = "com.apple.product-type.application";
		};
/* End PBXNativeTarget section */

/* Begin PBXProject section */
		149B3F6D21BE7DCA00539BC3 /* Project object */ = {
			isa = PBXProject;
			attributes = {
				LastSwiftUpdateCheck = 1010;
				LastUpgradeCheck = 1010;
				ORGANIZATIONNAME = Filip;
				TargetAttributes = {
					149B3F7421BE7DCA00539BC3 = {
						CreatedOnToolsVersion = 10.1;
					};
				};
			};
			buildConfigurationList = 149B3F7021BE7DCA00539BC3 /* Build configuration list for PBXProject "Meet Swift" */;
			compatibilityVersion = "Xcode 9.3";
			developmentRegion = en;
			hasScannedForEncodings = 0;
			knownRegions = (
				en,
				Base,
			);
			mainGroup = 149B3F6C21BE7DCA00539BC3;
			productRefGroup = 149B3F7621BE7DCA00539BC3 /* Products */;
			projectDirPath = "";
			projectRoot = "";
			targets = (
				149B3F7421BE7DCA00539BC3 /* Meet Swift */,
			);
		};
/* End PBXProject section */

/* Begin PBXResourcesBuildPhase section */
		149B3F7321BE7DCA00539BC3 /* Resources */ = {
			isa = PBXResourcesBuildPhase;
			buildActionMask = 2147483647;
			files = (
				14FE5FC021E6A3EF007E877F /* LessonsCell.xib in Resources */,
				149B3F8321BE7DCC00539BC3 /* LaunchScreen.storyboard in Resources */,
				149B3F8021BE7DCC00539BC3 /* Assets.xcassets in Resources */,
				149B3F7E21BE7DCA00539BC3 /* Main.storyboard in Resources */,
			);
			runOnlyForDeploymentPostprocessing = 0;
		};
/* End PBXResourcesBuildPhase section */

/* Begin PBXSourcesBuildPhase section */
		149B3F7121BE7DCA00539BC3 /* Sources */ = {
			isa = PBXSourcesBuildPhase;
			buildActionMask = 2147483647;
			files = (
				1408977421CC1BD9003C2915 /* ColorTheme.swift in Sources */,
				149B3F9621BE8DC600539BC3 /* BeginnerLessonsBank.swift in Sources */,
				149B3F7921BE7DCA00539BC3 /* AppDelegate.swift in Sources */,
				146F8E2021DF9B76002215CB /* SettingsViewController.swift in Sources */,
				14FE5FBF21E6A3EF007E877F /* CustomLessonsCell.swift in Sources */,
				146F8E1E21DF9264002215CB /* AboutViewViewController.swift in Sources */,
				149B3F9021BE7F8000539BC3 /* SubLessonsTableViewController.swift in Sources */,
				149B3F9821BE9A0C00539BC3 /* IntermediateLessonsBank.swift in Sources */,
				149B3F9421BE8DB600539BC3 /* LessonsModel.swift in Sources */,
				149B3F9221BE7FC500539BC3 /* LessonViewController.swift in Sources */,
				149B3F8E21BE7F2700539BC3 /* LessonsTableViewController.swift in Sources */,
			);
			runOnlyForDeploymentPostprocessing = 0;
		};
/* End PBXSourcesBuildPhase section */

/* Begin PBXVariantGroup section */
		149B3F7C21BE7DCA00539BC3 /* Main.storyboard */ = {
			isa = PBXVariantGroup;
			children = (
				149B3F7D21BE7DCA00539BC3 /* Base */,
			);
			name = Main.storyboard;
			sourceTree = "<group>";
		};
		149B3F8121BE7DCC00539BC3 /* LaunchScreen.storyboard */ = {
			isa = PBXVariantGroup;
			children = (
				149B3F8221BE7DCC00539BC3 /* Base */,
			);
			name = LaunchScreen.storyboard;
			sourceTree = "<group>";
		};
/* End PBXVariantGroup section */

/* Begin XCBuildConfiguration section */
		149B3F8521BE7DCC00539BC3 /* Debug */ = {
			isa = XCBuildConfiguration;
			buildSettings = {
				ALWAYS_SEARCH_USER_PATHS = NO;
				CLANG_ANALYZER_NONNULL = YES;
				CLANG_ANALYZER_NUMBER_OBJECT_CONVERSION = YES_AGGRESSIVE;
				CLANG_CXX_LANGUAGE_STANDARD = "gnu++14";
				CLANG_CXX_LIBRARY = "libc++";
				CLANG_ENABLE_MODULES = YES;
				CLANG_ENABLE_OBJC_ARC = YES;
				CLANG_ENABLE_OBJC_WEAK = YES;
				CLANG_WARN_BLOCK_CAPTURE_AUTORELEASING = YES;
				CLANG_WARN_BOOL_CONVERSION = YES;
				CLANG_WARN_COMMA = YES;
				CLANG_WARN_CONSTANT_CONVERSION = YES;
				CLANG_WARN_DEPRECATED_OBJC_IMPLEMENTATIONS = YES;
				CLANG_WARN_DIRECT_OBJC_ISA_USAGE = YES_ERROR;
				CLANG_WARN_DOCUMENTATION_COMMENTS = YES;
				CLANG_WARN_EMPTY_BODY = YES;
				CLANG_WARN_ENUM_CONVERSION = YES;
				CLANG_WARN_INFINITE_RECURSION = YES;
				CLANG_WARN_INT_CONVERSION = YES;
				CLANG_WARN_NON_LITERAL_NULL_CONVERSION = YES;
				CLANG_WARN_OBJC_IMPLICIT_RETAIN_SELF = YES;
				CLANG_WARN_OBJC_LITERAL_CONVERSION = YES;
				CLANG_WARN_OBJC_ROOT_CLASS = YES_ERROR;
				CLANG_WARN_RANGE_LOOP_ANALYSIS = YES;
				CLANG_WARN_STRICT_PROTOTYPES = YES;
				CLANG_WARN_SUSPICIOUS_MOVE = YES;
				CLANG_WARN_UNGUARDED_AVAILABILITY = YES_AGGRESSIVE;
				CLANG_WARN_UNREACHABLE_CODE = YES;
				CLANG_WARN__DUPLICATE_METHOD_MATCH = YES;
				CODE_SIGN_IDENTITY = "iPhone Developer";
				COPY_PHASE_STRIP = NO;
				DEBUG_INFORMATION_FORMAT = dwarf;
				ENABLE_STRICT_OBJC_MSGSEND = YES;
				ENABLE_TESTABILITY = YES;
				GCC_C_LANGUAGE_STANDARD = gnu11;
				GCC_DYNAMIC_NO_PIC = NO;
				GCC_NO_COMMON_BLOCKS = YES;
				GCC_OPTIMIZATION_LEVEL = 0;
				GCC_PREPROCESSOR_DEFINITIONS = (
					"DEBUG=1",
					"$(inherited)",
				);
				GCC_WARN_64_TO_32_BIT_CONVERSION = YES;
				GCC_WARN_ABOUT_RETURN_TYPE = YES_ERROR;
				GCC_WARN_UNDECLARED_SELECTOR = YES;
				GCC_WARN_UNINITIALIZED_AUTOS = YES_AGGRESSIVE;
				GCC_WARN_UNUSED_FUNCTION = YES;
				GCC_WARN_UNUSED_VARIABLE = YES;
				IPHONEOS_DEPLOYMENT_TARGET = 12.1;
				MTL_ENABLE_DEBUG_INFO = INCLUDE_SOURCE;
				MTL_FAST_MATH = YES;
				ONLY_ACTIVE_ARCH = YES;
				SDKROOT = iphoneos;
				SWIFT_ACTIVE_COMPILATION_CONDITIONS = DEBUG;
				SWIFT_OPTIMIZATION_LEVEL = "-Onone";
			};
			name = Debug;
		};
		149B3F8621BE7DCC00539BC3 /* Release */ = {
			isa = XCBuildConfiguration;
			buildSettings = {
				ALWAYS_SEARCH_USER_PATHS = NO;
				CLANG_ANALYZER_NONNULL = YES;
				CLANG_ANALYZER_NUMBER_OBJECT_CONVERSION = YES_AGGRESSIVE;
				CLANG_CXX_LANGUAGE_STANDARD = "gnu++14";
				CLANG_CXX_LIBRARY = "libc++";
				CLANG_ENABLE_MODULES = YES;
				CLANG_ENABLE_OBJC_ARC = YES;
				CLANG_ENABLE_OBJC_WEAK = YES;
				CLANG_WARN_BLOCK_CAPTURE_AUTORELEASING = YES;
				CLANG_WARN_BOOL_CONVERSION = YES;
				CLANG_WARN_COMMA = YES;
				CLANG_WARN_CONSTANT_CONVERSION = YES;
				CLANG_WARN_DEPRECATED_OBJC_IMPLEMENTATIONS = YES;
				CLANG_WARN_DIRECT_OBJC_ISA_USAGE = YES_ERROR;
				CLANG_WARN_DOCUMENTATION_COMMENTS = YES;
				CLANG_WARN_EMPTY_BODY = YES;
				CLANG_WARN_ENUM_CONVERSION = YES;
				CLANG_WARN_INFINITE_RECURSION = YES;
				CLANG_WARN_INT_CONVERSION = YES;
				CLANG_WARN_NON_LITERAL_NULL_CONVERSION = YES;
				CLANG_WARN_OBJC_IMPLICIT_RETAIN_SELF = YES;
				CLANG_WARN_OBJC_LITERAL_CONVERSION = YES;
				CLANG_WARN_OBJC_ROOT_CLASS = YES_ERROR;
				CLANG_WARN_RANGE_LOOP_ANALYSIS = YES;
				CLANG_WARN_STRICT_PROTOTYPES = YES;
				CLANG_WARN_SUSPICIOUS_MOVE = YES;
				CLANG_WARN_UNGUARDED_AVAILABILITY = YES_AGGRESSIVE;
				CLANG_WARN_UNREACHABLE_CODE = YES;
				CLANG_WARN__DUPLICATE_METHOD_MATCH = YES;
				CODE_SIGN_IDENTITY = "iPhone Developer";
				COPY_PHASE_STRIP = NO;
				DEBUG_INFORMATION_FORMAT = "dwarf-with-dsym";
				ENABLE_NS_ASSERTIONS = NO;
				ENABLE_STRICT_OBJC_MSGSEND = YES;
				GCC_C_LANGUAGE_STANDARD = gnu11;
				GCC_NO_COMMON_BLOCKS = YES;
				GCC_WARN_64_TO_32_BIT_CONVERSION = YES;
				GCC_WARN_ABOUT_RETURN_TYPE = YES_ERROR;
				GCC_WARN_UNDECLARED_SELECTOR = YES;
				GCC_WARN_UNINITIALIZED_AUTOS = YES_AGGRESSIVE;
				GCC_WARN_UNUSED_FUNCTION = YES;
				GCC_WARN_UNUSED_VARIABLE = YES;
				IPHONEOS_DEPLOYMENT_TARGET = 12.1;
				MTL_ENABLE_DEBUG_INFO = NO;
				MTL_FAST_MATH = YES;
				SDKROOT = iphoneos;
				SWIFT_COMPILATION_MODE = wholemodule;
				SWIFT_OPTIMIZATION_LEVEL = "-O";
				VALIDATE_PRODUCT = YES;
			};
			name = Release;
		};
		149B3F8821BE7DCC00539BC3 /* Debug */ = {
			isa = XCBuildConfiguration;
			buildSettings = {
				ASSETCATALOG_COMPILER_APPICON_NAME = AppIcon;
				CODE_SIGN_STYLE = Automatic;
				DEVELOPMENT_TEAM = FTSDJRAZR8;
				INFOPLIST_FILE = "Meet Swift/Info.plist";
				LD_RUNPATH_SEARCH_PATHS = (
					"$(inherited)",
					"@executable_path/Frameworks",
				);
				PRODUCT_BUNDLE_IDENTIFIER = "fg.Meet-Swift";
				PRODUCT_NAME = "$(TARGET_NAME)";
				SWIFT_VERSION = 4.2;
				TARGETED_DEVICE_FAMILY = "1,2";
			};
			name = Debug;
		};
		149B3F8921BE7DCC00539BC3 /* Release */ = {
			isa = XCBuildConfiguration;
			buildSettings = {
				ASSETCATALOG_COMPILER_APPICON_NAME = AppIcon;
				CODE_SIGN_STYLE = Automatic;
				DEVELOPMENT_TEAM = FTSDJRAZR8;
				INFOPLIST_FILE = "Meet Swift/Info.plist";
				LD_RUNPATH_SEARCH_PATHS = (
					"$(inherited)",
					"@executable_path/Frameworks",
				);
				PRODUCT_BUNDLE_IDENTIFIER = "fg.Meet-Swift";
				PRODUCT_NAME = "$(TARGET_NAME)";
				SWIFT_VERSION = 4.2;
				TARGETED_DEVICE_FAMILY = "1,2";
			};
			name = Release;
		};
/* End XCBuildConfiguration section */

/* Begin XCConfigurationList section */
		149B3F7021BE7DCA00539BC3 /* Build configuration list for PBXProject "Meet Swift" */ = {
			isa = XCConfigurationList;
			buildConfigurations = (
				149B3F8521BE7DCC00539BC3 /* Debug */,
				149B3F8621BE7DCC00539BC3 /* Release */,
			);
			defaultConfigurationIsVisible = 0;
			defaultConfigurationName = Release;
		};
		149B3F8721BE7DCC00539BC3 /* Build configuration list for PBXNativeTarget "Meet Swift" */ = {
			isa = XCConfigurationList;
			buildConfigurations = (
				149B3F8821BE7DCC00539BC3 /* Debug */,
				149B3F8921BE7DCC00539BC3 /* Release */,
			);
			defaultConfigurationIsVisible = 0;
			defaultConfigurationName = Release;
		};
/* End XCConfigurationList section */
	};
	rootObject = 149B3F6D21BE7DCA00539BC3 /* Project object */;
}
